
Microsoft Visual Studio Solution File, Format Version 12.00
# Visual Studio Version 17
VisualStudioVersion = 17.4.33213.308
MinimumVisualStudioVersion = 10.0.40219.1
Project("{2150E333-8FDC-42A3-9474-1A3956D46DE8}") = "01_WPF", "01_WPF", "{0A1B8600-0EB3-4FE7-8C63-262016D4101E}"
EndProject
Project("{2150E333-8FDC-42A3-9474-1A3956D46DE8}") = "10_Anwendung-Blazor", "10_Anwendung-Blazor", "{F570E914-F291-46E5-91BD-4A9A517237FD}"
EndProject
Project("{2150E333-8FDC-42A3-9474-1A3956D46DE8}") = "20_Modul - Cars", "20_Modul - Cars", "{2F6E9517-469D-42AD-96CE-AD180FD8A738}"
EndProject
Project("{2150E333-8FDC-42A3-9474-1A3956D46DE8}") = "90_Framework", "90_Framework", "{6A56216B-8EAC-4249-9E65-553E314DE536}"
EndProject
Project("{778DAE3C-4631-46EA-AA77-85C1314464D9}") = "KMF.WrkFlows.Application", "10_Anwendung-Blazor\KMF.WrkFlows.Application\KMF.WrkFlows.Application.vbproj", "{87466371-165A-4938-8AAD-EF92EDD29EEF}"
EndProject
Project("{778DAE3C-4631-46EA-AA77-85C1314464D9}") = "KMF.WrkFlows.Domain", "10_Anwendung-Blazor\KMF.WrkFlows.Domain\KMF.WrkFlows.Domain.vbproj", "{D53117F4-CF96-49D6-B2A3-E93B49AEDB4A}"
EndProject
Project("{778DAE3C-4631-46EA-AA77-85C1314464D9}") = "KMF.WrkFlows.Cars.DataAccess", "20_Modul - Cars\KMF.WrkFlows.Cars.DataAccess\KMF.WrkFlows.Cars.DataAccess.vbproj", "{2DB7A2BB-5328-4FDD-B071-33F985E4DE4A}"
EndProject
Project("{778DAE3C-4631-46EA-AA77-85C1314464D9}") = "KMF.WrkFlows.Cars.Domain", "20_Modul - Cars\KMF.WrkFlows.Cars.Domain\KMF.WrkFlows.Cars.Domain.vbproj", "{F93E8468-9CA2-475B-9667-E221174FC22D}"
EndProject
Project("{F184B08F-C81C-45F6-A57F-5ABD9991F28F}") = "KMF.WrkFlows.Cars.EDMX", "20_Modul - Cars\KMF.WrkFlows.Cars.EDMX\KMF.WrkFlows.Cars.EDMX.vbproj", "{6ADC91BC-094F-4E47-8AF8-074288A6F9E4}"
EndProject
Project("{9A19103F-16F7-4668-BE54-9A1E7A4F7556}") = "KMF.WrkFlows.Cars.Razor", "20_Modul - Cars\KMF.WrkFlows.Cars.Razor\KMF.WrkFlows.Cars.Razor.csproj", "{855E1C40-4638-4AFE-A771-78FE8312AEB8}"
EndProject
Project("{778DAE3C-4631-46EA-AA77-85C1314464D9}") = "KMF.WrkFlows.Cars.Web", "20_Modul - Cars\KMF.WrkFlows.Cars.Web\KMF.WrkFlows.Cars.Web.vbproj", "{6FE2C76A-8D70-49C1-A1EB-6A0A1B6DDC15}"
EndProject
Project("{9A19103F-16F7-4668-BE54-9A1E7A4F7556}") = "Meziantou.Framework.Win32.CredentialManager", "90_Framework\Meziantou.Framework.Win32.CredentialManager\Meziantou.Framework.Win32.CredentialManager.csproj", "{AEFFFBE2-4641-4284-945B-DB2863BECB3A}"
EndProject
Project("{778DAE3C-4631-46EA-AA77-85C1314464D9}") = "MYKEY.FxCore.Common", "90_Framework\MYKEY.FxCore.Common\MYKEY.FxCore.Common.vbproj", "{B7CE9741-908D-4E64-8BED-1813A017B518}"
EndProject
Project("{778DAE3C-4631-46EA-AA77-85C1314464D9}") = "MYKEY.FxCore.Common.Application", "90_Framework\MYKEY.FxCore.Common.Application\MYKEY.FxCore.Common.Application.vbproj", "{D0D3C933-B38C-4711-AFD0-CE6A4ABB001B}"
EndProject
Project("{778DAE3C-4631-46EA-AA77-85C1314464D9}") = "MYKEY.FxCore.DataAccess", "90_Framework\MYKEY.FxCore.DataAccess\MYKEY.FxCore.DataAccess.vbproj", "{2812FFF2-9719-436F-97D0-41C9D38DCBED}"
EndProject
Project("{778DAE3C-4631-46EA-AA77-85C1314464D9}") = "MYKEY.FxCore.Desktop.Domain", "90_Framework\MYKEY.FxCore.Desktop.Domain\MYKEY.FxCore.Desktop.Domain.vbproj", "{11AEA4AD-FE0B-4075-82D4-A14546E439FA}"
EndProject
Project("{778DAE3C-4631-46EA-AA77-85C1314464D9}") = "MYKEY.FxCore.EntityFramework", "90_Framework\MYKEY.FxCore.EntityFramework\MYKEY.FxCore.EntityFramework.vbproj", "{72CF2200-50CB-4BA6-9BEA-6879AB5C7F25}"
EndProject
Project("{778DAE3C-4631-46EA-AA77-85C1314464D9}") = "MYKEY.FxCore.WpfMvvm", "90_Framework\MYKEY.FxCore.WpfMvvm\MYKEY.FxCore.WpfMvvm.vbproj", "{1ABBFA5F-19C2-41E1-A282-A2FB58AB137B}"
EndProject
Project("{9A19103F-16F7-4668-BE54-9A1E7A4F7556}") = "PdfiumPrinter", "90_Framework\PdfiumPrinter\PdfiumPrinter.csproj", "{322B05CD-1FC8-43ED-ACF0-6DE7B9396BB7}"
EndProject
Project("{9A19103F-16F7-4668-BE54-9A1E7A4F7556}") = "VxFormGenerator.Core", "90_Framework\VxFormGenerator.Core\VxFormGenerator.Core.csproj", "{A5C285ED-B049-47E5-BF6C-843F38EF51E8}"
EndProject
Project("{9A19103F-16F7-4668-BE54-9A1E7A4F7556}") = "VxFormGenerator.Components.Bootstrap", "90_Framework\VxFormGenerator.Components.Bootstrap\VxFormGenerator.Components.Bootstrap.csproj", "{14ABB3B0-49C1-4DE7-A93F-1301BA3D6ADB}"
EndProject
Project("{778DAE3C-4631-46EA-AA77-85C1314464D9}") = "MYKEY.FxCore.Razor", "90_Framework\MYKEY.FxCore.Razor\MYKEY.FxCore.Razor.vbproj", "{7BDCA077-B149-4E8E-A904-498BC32FDC22}"
EndProject
Project("{9A19103F-16F7-4668-BE54-9A1E7A4F7556}") = "MYKEY.FxCore.Web.Razor", "90_Framework\MYKEY.FxCore.Web.Razor\MYKEY.FxCore.Web.Razor.csproj", "{2E876606-66D9-41ED-980B-3A02FBB3B09B}"
EndProject
Project("{778DAE3C-4631-46EA-AA77-85C1314464D9}") = "MYKEY.FxCore.Web.Application", "90_Framework\MYKEY.FxCore.Web.Application\MYKEY.FxCore.Web.Application.vbproj", "{509CA62C-8C0F-4428-88B2-B0E4CFAE1496}"
EndProject
Project("{9A19103F-16F7-4668-BE54-9A1E7A4F7556}") = "VxFormGenerator.Components.Plain", "90_Framework\VxFormGenerator.Components.Plain\VxFormGenerator.Components.Plain.csproj", "{3D9470BA-BDAB-491F-87BE-467508037511}"
EndProject
Project("{9A19103F-16F7-4668-BE54-9A1E7A4F7556}") = "Radzen.Blazor", "90_Framework\Radzen.Blazor\Radzen.Blazor.csproj", "{7C8DBC66-FD3B-4352-817A-3A0978274BC1}"
EndProject
Project("{2150E333-8FDC-42A3-9474-1A3956D46DE8}") = "02_MAUI", "02_MAUI", "{FFFDE691-FCBA-4640-B93F-A93625DBA522}"
EndProject
Project("{9A19103F-16F7-4668-BE54-9A1E7A4F7556}") = "KMF.WrkFlows.Razor", "10_Anwendung-Blazor\KMF.WrkFlows.Razor\KMF.WrkFlows.Razor.csproj", "{E4FC85C9-5175-4250-84B7-F9FC01463BAD}"
EndProject
Project("{9A19103F-16F7-4668-BE54-9A1E7A4F7556}") = "WrkFlows", "02_MAUI\WrkFlows\WrkFlows.csproj", "{36C3235C-307C-470A-9BBC-147EF7A58C6A}"
EndProject
Global
	GlobalSection(SolutionConfigurationPlatforms) = preSolution
		Debug|Any CPU = Debug|Any CPU
		Debug|x64 = Debug|x64
		Debug|x86 = Debug|x86
		Release|Any CPU = Release|Any CPU
		Release|x64 = Release|x64
		Release|x86 = Release|x86
	EndGlobalSection
	GlobalSection(ProjectConfigurationPlatforms) = postSolution
		{87466371-165A-4938-8AAD-EF92EDD29EEF}.Debug|Any CPU.ActiveCfg = Debug|Any CPU
		{87466371-165A-4938-8AAD-EF92EDD29EEF}.Debug|Any CPU.Build.0 = Debug|Any CPU
		{87466371-165A-4938-8AAD-EF92EDD29EEF}.Debug|x64.ActiveCfg = Debug|Any CPU
		{87466371-165A-4938-8AAD-EF92EDD29EEF}.Debug|x64.Build.0 = Debug|Any CPU
		{87466371-165A-4938-8AAD-EF92EDD29EEF}.Debug|x86.ActiveCfg = Debug|Any CPU
		{87466371-165A-4938-8AAD-EF92EDD29EEF}.Debug|x86.Build.0 = Debug|Any CPU
		{87466371-165A-4938-8AAD-EF92EDD29EEF}.Release|Any CPU.ActiveCfg = Release|Any CPU
		{87466371-165A-4938-8AAD-EF92EDD29EEF}.Release|Any CPU.Build.0 = Release|Any CPU
		{87466371-165A-4938-8AAD-EF92EDD29EEF}.Release|x64.ActiveCfg = Release|Any CPU
		{87466371-165A-4938-8AAD-EF92EDD29EEF}.Release|x64.Build.0 = Release|Any CPU
		{87466371-165A-4938-8AAD-EF92EDD29EEF}.Release|x86.ActiveCfg = Release|Any CPU
		{87466371-165A-4938-8AAD-EF92EDD29EEF}.Release|x86.Build.0 = Release|Any CPU
		{D53117F4-CF96-49D6-B2A3-E93B49AEDB4A}.Debug|Any CPU.ActiveCfg = Debug|Any CPU
		{D53117F4-CF96-49D6-B2A3-E93B49AEDB4A}.Debug|Any CPU.Build.0 = Debug|Any CPU
		{D53117F4-CF96-49D6-B2A3-E93B49AEDB4A}.Debug|x64.ActiveCfg = Debug|Any CPU
		{D53117F4-CF96-49D6-B2A3-E93B49AEDB4A}.Debug|x64.Build.0 = Debug|Any CPU
		{D53117F4-CF96-49D6-B2A3-E93B49AEDB4A}.Debug|x86.ActiveCfg = Debug|Any CPU
		{D53117F4-CF96-49D6-B2A3-E93B49AEDB4A}.Debug|x86.Build.0 = Debug|Any CPU
		{D53117F4-CF96-49D6-B2A3-E93B49AEDB4A}.Release|Any CPU.ActiveCfg = Release|Any CPU
		{D53117F4-CF96-49D6-B2A3-E93B49AEDB4A}.Release|Any CPU.Build.0 = Release|Any CPU
		{D53117F4-CF96-49D6-B2A3-E93B49AEDB4A}.Release|x64.ActiveCfg = Release|Any CPU
		{D53117F4-CF96-49D6-B2A3-E93B49AEDB4A}.Release|x64.Build.0 = Release|Any CPU
		{D53117F4-CF96-49D6-B2A3-E93B49AEDB4A}.Release|x86.ActiveCfg = Release|Any CPU
		{D53117F4-CF96-49D6-B2A3-E93B49AEDB4A}.Release|x86.Build.0 = Release|Any CPU
		{2DB7A2BB-5328-4FDD-B071-33F985E4DE4A}.Debug|Any CPU.ActiveCfg = Debug|Any CPU
		{2DB7A2BB-5328-4FDD-B071-33F985E4DE4A}.Debug|Any CPU.Build.0 = Debug|Any CPU
		{2DB7A2BB-5328-4FDD-B071-33F985E4DE4A}.Debug|x64.ActiveCfg = Debug|Any CPU
		{2DB7A2BB-5328-4FDD-B071-33F985E4DE4A}.Debug|x64.Build.0 = Debug|Any CPU
		{2DB7A2BB-5328-4FDD-B071-33F985E4DE4A}.Debug|x86.ActiveCfg = Debug|Any CPU
		{2DB7A2BB-5328-4FDD-B071-33F985E4DE4A}.Debug|x86.Build.0 = Debug|Any CPU
		{2DB7A2BB-5328-4FDD-B071-33F985E4DE4A}.Release|Any CPU.ActiveCfg = Release|Any CPU
		{2DB7A2BB-5328-4FDD-B071-33F985E4DE4A}.Release|Any CPU.Build.0 = Release|Any CPU
		{2DB7A2BB-5328-4FDD-B071-33F985E4DE4A}.Release|x64.ActiveCfg = Release|Any CPU
		{2DB7A2BB-5328-4FDD-B071-33F985E4DE4A}.Release|x64.Build.0 = Release|Any CPU
		{2DB7A2BB-5328-4FDD-B071-33F985E4DE4A}.Release|x86.ActiveCfg = Release|Any CPU
		{2DB7A2BB-5328-4FDD-B071-33F985E4DE4A}.Release|x86.Build.0 = Release|Any CPU
		{F93E8468-9CA2-475B-9667-E221174FC22D}.Debug|Any CPU.ActiveCfg = Debug|Any CPU
		{F93E8468-9CA2-475B-9667-E221174FC22D}.Debug|Any CPU.Build.0 = Debug|Any CPU
		{F93E8468-9CA2-475B-9667-E221174FC22D}.Debug|x64.ActiveCfg = Debug|Any CPU
		{F93E8468-9CA2-475B-9667-E221174FC22D}.Debug|x64.Build.0 = Debug|Any CPU
		{F93E8468-9CA2-475B-9667-E221174FC22D}.Debug|x86.ActiveCfg = Debug|Any CPU
		{F93E8468-9CA2-475B-9667-E221174FC22D}.Debug|x86.Build.0 = Debug|Any CPU
		{F93E8468-9CA2-475B-9667-E221174FC22D}.Release|Any CPU.ActiveCfg = Release|Any CPU
		{F93E8468-9CA2-475B-9667-E221174FC22D}.Release|Any CPU.Build.0 = Release|Any CPU
		{F93E8468-9CA2-475B-9667-E221174FC22D}.Release|x64.ActiveCfg = Release|Any CPU
		{F93E8468-9CA2-475B-9667-E221174FC22D}.Release|x64.Build.0 = Release|Any CPU
		{F93E8468-9CA2-475B-9667-E221174FC22D}.Release|x86.ActiveCfg = Release|Any CPU
		{F93E8468-9CA2-475B-9667-E221174FC22D}.Release|x86.Build.0 = Release|Any CPU
		{6ADC91BC-094F-4E47-8AF8-074288A6F9E4}.Debug|Any CPU.ActiveCfg = Debug|Any CPU
		{6ADC91BC-094F-4E47-8AF8-074288A6F9E4}.Debug|Any CPU.Build.0 = Debug|Any CPU
		{6ADC91BC-094F-4E47-8AF8-074288A6F9E4}.Debug|x64.ActiveCfg = Debug|Any CPU
		{6ADC91BC-094F-4E47-8AF8-074288A6F9E4}.Debug|x64.Build.0 = Debug|Any CPU
		{6ADC91BC-094F-4E47-8AF8-074288A6F9E4}.Debug|x86.ActiveCfg = Debug|Any CPU
		{6ADC91BC-094F-4E47-8AF8-074288A6F9E4}.Debug|x86.Build.0 = Debug|Any CPU
		{6ADC91BC-094F-4E47-8AF8-074288A6F9E4}.Release|Any CPU.ActiveCfg = Release|Any CPU
		{6ADC91BC-094F-4E47-8AF8-074288A6F9E4}.Release|Any CPU.Build.0 = Release|Any CPU
		{6ADC91BC-094F-4E47-8AF8-074288A6F9E4}.Release|x64.ActiveCfg = Release|Any CPU
		{6ADC91BC-094F-4E47-8AF8-074288A6F9E4}.Release|x64.Build.0 = Release|Any CPU
		{6ADC91BC-094F-4E47-8AF8-074288A6F9E4}.Release|x86.ActiveCfg = Release|Any CPU
		{6ADC91BC-094F-4E47-8AF8-074288A6F9E4}.Release|x86.Build.0 = Release|Any CPU
		{855E1C40-4638-4AFE-A771-78FE8312AEB8}.Debug|Any CPU.ActiveCfg = Debug|Any CPU
		{855E1C40-4638-4AFE-A771-78FE8312AEB8}.Debug|Any CPU.Build.0 = Debug|Any CPU
		{855E1C40-4638-4AFE-A771-78FE8312AEB8}.Debug|x64.ActiveCfg = Debug|Any CPU
		{855E1C40-4638-4AFE-A771-78FE8312AEB8}.Debug|x64.Build.0 = Debug|Any CPU
		{855E1C40-4638-4AFE-A771-78FE8312AEB8}.Debug|x86.ActiveCfg = Debug|Any CPU
		{855E1C40-4638-4AFE-A771-78FE8312AEB8}.Debug|x86.Build.0 = Debug|Any CPU
		{855E1C40-4638-4AFE-A771-78FE8312AEB8}.Release|Any CPU.ActiveCfg = Release|Any CPU
		{855E1C40-4638-4AFE-A771-78FE8312AEB8}.Release|Any CPU.Build.0 = Release|Any CPU
		{855E1C40-4638-4AFE-A771-78FE8312AEB8}.Release|x64.ActiveCfg = Release|Any CPU
		{855E1C40-4638-4AFE-A771-78FE8312AEB8}.Release|x64.Build.0 = Release|Any CPU
		{855E1C40-4638-4AFE-A771-78FE8312AEB8}.Release|x86.ActiveCfg = Release|Any CPU
		{855E1C40-4638-4AFE-A771-78FE8312AEB8}.Release|x86.Build.0 = Release|Any CPU
		{6FE2C76A-8D70-49C1-A1EB-6A0A1B6DDC15}.Debug|Any CPU.ActiveCfg = Debug|Any CPU
		{6FE2C76A-8D70-49C1-A1EB-6A0A1B6DDC15}.Debug|Any CPU.Build.0 = Debug|Any CPU
		{6FE2C76A-8D70-49C1-A1EB-6A0A1B6DDC15}.Debug|x64.ActiveCfg = Debug|Any CPU
		{6FE2C76A-8D70-49C1-A1EB-6A0A1B6DDC15}.Debug|x64.Build.0 = Debug|Any CPU
		{6FE2C76A-8D70-49C1-A1EB-6A0A1B6DDC15}.Debug|x86.ActiveCfg = Debug|Any CPU
		{6FE2C76A-8D70-49C1-A1EB-6A0A1B6DDC15}.Debug|x86.Build.0 = Debug|Any CPU
		{6FE2C76A-8D70-49C1-A1EB-6A0A1B6DDC15}.Release|Any CPU.ActiveCfg = Release|Any CPU
		{6FE2C76A-8D70-49C1-A1EB-6A0A1B6DDC15}.Release|Any CPU.Build.0 = Release|Any CPU
		{6FE2C76A-8D70-49C1-A1EB-6A0A1B6DDC15}.Release|x64.ActiveCfg = Release|Any CPU
		{6FE2C76A-8D70-49C1-A1EB-6A0A1B6DDC15}.Release|x64.Build.0 = Release|Any CPU
		{6FE2C76A-8D70-49C1-A1EB-6A0A1B6DDC15}.Release|x86.ActiveCfg = Release|Any CPU
		{6FE2C76A-8D70-49C1-A1EB-6A0A1B6DDC15}.Release|x86.Build.0 = Release|Any CPU
		{AEFFFBE2-4641-4284-945B-DB2863BECB3A}.Debug|Any CPU.ActiveCfg = Debug|Any CPU
		{AEFFFBE2-4641-4284-945B-DB2863BECB3A}.Debug|Any CPU.Build.0 = Debug|Any CPU
		{AEFFFBE2-4641-4284-945B-DB2863BECB3A}.Debug|x64.ActiveCfg = Debug|Any CPU
		{AEFFFBE2-4641-4284-945B-DB2863BECB3A}.Debug|x64.Build.0 = Debug|Any CPU
		{AEFFFBE2-4641-4284-945B-DB2863BECB3A}.Debug|x86.ActiveCfg = Debug|Any CPU
		{AEFFFBE2-4641-4284-945B-DB2863BECB3A}.Debug|x86.Build.0 = Debug|Any CPU
		{AEFFFBE2-4641-4284-945B-DB2863BECB3A}.Release|Any CPU.ActiveCfg = Release|Any CPU
		{AEFFFBE2-4641-4284-945B-DB2863BECB3A}.Release|Any CPU.Build.0 = Release|Any CPU
		{AEFFFBE2-4641-4284-945B-DB2863BECB3A}.Release|x64.ActiveCfg = Release|Any CPU
		{AEFFFBE2-4641-4284-945B-DB2863BECB3A}.Release|x64.Build.0 = Release|Any CPU
		{AEFFFBE2-4641-4284-945B-DB2863BECB3A}.Release|x86.ActiveCfg = Release|Any CPU
		{AEFFFBE2-4641-4284-945B-DB2863BECB3A}.Release|x86.Build.0 = Release|Any CPU
		{B7CE9741-908D-4E64-8BED-1813A017B518}.Debug|Any CPU.ActiveCfg = Debug|Any CPU
		{B7CE9741-908D-4E64-8BED-1813A017B518}.Debug|Any CPU.Build.0 = Debug|Any CPU
		{B7CE9741-908D-4E64-8BED-1813A017B518}.Debug|x64.ActiveCfg = Debug|Any CPU
		{B7CE9741-908D-4E64-8BED-1813A017B518}.Debug|x64.Build.0 = Debug|Any CPU
		{B7CE9741-908D-4E64-8BED-1813A017B518}.Debug|x86.ActiveCfg = Debug|Any CPU
		{B7CE9741-908D-4E64-8BED-1813A017B518}.Debug|x86.Build.0 = Debug|Any CPU
		{B7CE9741-908D-4E64-8BED-1813A017B518}.Release|Any CPU.ActiveCfg = Release|Any CPU
		{B7CE9741-908D-4E64-8BED-1813A017B518}.Release|Any CPU.Build.0 = Release|Any CPU
		{B7CE9741-908D-4E64-8BED-1813A017B518}.Release|x64.ActiveCfg = Release|Any CPU
		{B7CE9741-908D-4E64-8BED-1813A017B518}.Release|x64.Build.0 = Release|Any CPU
		{B7CE9741-908D-4E64-8BED-1813A017B518}.Release|x86.ActiveCfg = Release|Any CPU
		{B7CE9741-908D-4E64-8BED-1813A017B518}.Release|x86.Build.0 = Release|Any CPU
		{D0D3C933-B38C-4711-AFD0-CE6A4ABB001B}.Debug|Any CPU.ActiveCfg = Debug|Any CPU
		{D0D3C933-B38C-4711-AFD0-CE6A4ABB001B}.Debug|Any CPU.Build.0 = Debug|Any CPU
		{D0D3C933-B38C-4711-AFD0-CE6A4ABB001B}.Debug|x64.ActiveCfg = Debug|Any CPU
		{D0D3C933-B38C-4711-AFD0-CE6A4ABB001B}.Debug|x64.Build.0 = Debug|Any CPU
		{D0D3C933-B38C-4711-AFD0-CE6A4ABB001B}.Debug|x86.ActiveCfg = Debug|Any CPU
		{D0D3C933-B38C-4711-AFD0-CE6A4ABB001B}.Debug|x86.Build.0 = Debug|Any CPU
		{D0D3C933-B38C-4711-AFD0-CE6A4ABB001B}.Release|Any CPU.ActiveCfg = Release|Any CPU
		{D0D3C933-B38C-4711-AFD0-CE6A4ABB001B}.Release|Any CPU.Build.0 = Release|Any CPU
		{D0D3C933-B38C-4711-AFD0-CE6A4ABB001B}.Release|x64.ActiveCfg = Release|Any CPU
		{D0D3C933-B38C-4711-AFD0-CE6A4ABB001B}.Release|x64.Build.0 = Release|Any CPU
		{D0D3C933-B38C-4711-AFD0-CE6A4ABB001B}.Release|x86.ActiveCfg = Release|Any CPU
		{D0D3C933-B38C-4711-AFD0-CE6A4ABB001B}.Release|x86.Build.0 = Release|Any CPU
		{2812FFF2-9719-436F-97D0-41C9D38DCBED}.Debug|Any CPU.ActiveCfg = Debug|Any CPU
		{2812FFF2-9719-436F-97D0-41C9D38DCBED}.Debug|Any CPU.Build.0 = Debug|Any CPU
		{2812FFF2-9719-436F-97D0-41C9D38DCBED}.Debug|x64.ActiveCfg = Debug|Any CPU
		{2812FFF2-9719-436F-97D0-41C9D38DCBED}.Debug|x64.Build.0 = Debug|Any CPU
		{2812FFF2-9719-436F-97D0-41C9D38DCBED}.Debug|x86.ActiveCfg = Debug|Any CPU
		{2812FFF2-9719-436F-97D0-41C9D38DCBED}.Debug|x86.Build.0 = Debug|Any CPU
		{2812FFF2-9719-436F-97D0-41C9D38DCBED}.Release|Any CPU.ActiveCfg = Release|Any CPU
		{2812FFF2-9719-436F-97D0-41C9D38DCBED}.Release|Any CPU.Build.0 = Release|Any CPU
		{2812FFF2-9719-436F-97D0-41C9D38DCBED}.Release|x64.ActiveCfg = Release|Any CPU
		{2812FFF2-9719-436F-97D0-41C9D38DCBED}.Release|x64.Build.0 = Release|Any CPU
		{2812FFF2-9719-436F-97D0-41C9D38DCBED}.Release|x86.ActiveCfg = Release|Any CPU
		{2812FFF2-9719-436F-97D0-41C9D38DCBED}.Release|x86.Build.0 = Release|Any CPU
		{11AEA4AD-FE0B-4075-82D4-A14546E439FA}.Debug|Any CPU.ActiveCfg = Debug|Any CPU
		{11AEA4AD-FE0B-4075-82D4-A14546E439FA}.Debug|Any CPU.Build.0 = Debug|Any CPU
		{11AEA4AD-FE0B-4075-82D4-A14546E439FA}.Debug|x64.ActiveCfg = Debug|Any CPU
		{11AEA4AD-FE0B-4075-82D4-A14546E439FA}.Debug|x64.Build.0 = Debug|Any CPU
		{11AEA4AD-FE0B-4075-82D4-A14546E439FA}.Debug|x86.ActiveCfg = Debug|Any CPU
		{11AEA4AD-FE0B-4075-82D4-A14546E439FA}.Debug|x86.Build.0 = Debug|Any CPU
		{11AEA4AD-FE0B-4075-82D4-A14546E439FA}.Release|Any CPU.ActiveCfg = Release|Any CPU
		{11AEA4AD-FE0B-4075-82D4-A14546E439FA}.Release|Any CPU.Build.0 = Release|Any CPU
		{11AEA4AD-FE0B-4075-82D4-A14546E439FA}.Release|x64.ActiveCfg = Release|Any CPU
		{11AEA4AD-FE0B-4075-82D4-A14546E439FA}.Release|x64.Build.0 = Release|Any CPU
		{11AEA4AD-FE0B-4075-82D4-A14546E439FA}.Release|x86.ActiveCfg = Release|Any CPU
		{11AEA4AD-FE0B-4075-82D4-A14546E439FA}.Release|x86.Build.0 = Release|Any CPU
		{72CF2200-50CB-4BA6-9BEA-6879AB5C7F25}.Debug|Any CPU.ActiveCfg = Debug|Any CPU
		{72CF2200-50CB-4BA6-9BEA-6879AB5C7F25}.Debug|Any CPU.Build.0 = Debug|Any CPU
		{72CF2200-50CB-4BA6-9BEA-6879AB5C7F25}.Debug|x64.ActiveCfg = Debug|Any CPU
		{72CF2200-50CB-4BA6-9BEA-6879AB5C7F25}.Debug|x64.Build.0 = Debug|Any CPU
		{72CF2200-50CB-4BA6-9BEA-6879AB5C7F25}.Debug|x86.ActiveCfg = Debug|Any CPU
		{72CF2200-50CB-4BA6-9BEA-6879AB5C7F25}.Debug|x86.Build.0 = Debug|Any CPU
		{72CF2200-50CB-4BA6-9BEA-6879AB5C7F25}.Release|Any CPU.ActiveCfg = Release|Any CPU
		{72CF2200-50CB-4BA6-9BEA-6879AB5C7F25}.Release|Any CPU.Build.0 = Release|Any CPU
		{72CF2200-50CB-4BA6-9BEA-6879AB5C7F25}.Release|x64.ActiveCfg = Release|Any CPU
		{72CF2200-50CB-4BA6-9BEA-6879AB5C7F25}.Release|x64.Build.0 = Release|Any CPU
		{72CF2200-50CB-4BA6-9BEA-6879AB5C7F25}.Release|x86.ActiveCfg = Release|Any CPU
		{72CF2200-50CB-4BA6-9BEA-6879AB5C7F25}.Release|x86.Build.0 = Release|Any CPU
		{1ABBFA5F-19C2-41E1-A282-A2FB58AB137B}.Debug|Any CPU.ActiveCfg = Debug|Any CPU
		{1ABBFA5F-19C2-41E1-A282-A2FB58AB137B}.Debug|Any CPU.Build.0 = Debug|Any CPU
		{1ABBFA5F-19C2-41E1-A282-A2FB58AB137B}.Debug|x64.ActiveCfg = Debug|Any CPU
		{1ABBFA5F-19C2-41E1-A282-A2FB58AB137B}.Debug|x64.Build.0 = Debug|Any CPU
		{1ABBFA5F-19C2-41E1-A282-A2FB58AB137B}.Debug|x86.ActiveCfg = Debug|Any CPU
		{1ABBFA5F-19C2-41E1-A282-A2FB58AB137B}.Debug|x86.Build.0 = Debug|Any CPU
		{1ABBFA5F-19C2-41E1-A282-A2FB58AB137B}.Release|Any CPU.ActiveCfg = Release|Any CPU
		{1ABBFA5F-19C2-41E1-A282-A2FB58AB137B}.Release|Any CPU.Build.0 = Release|Any CPU
		{1ABBFA5F-19C2-41E1-A282-A2FB58AB137B}.Release|x64.ActiveCfg = Release|Any CPU
		{1ABBFA5F-19C2-41E1-A282-A2FB58AB137B}.Release|x64.Build.0 = Release|Any CPU
		{1ABBFA5F-19C2-41E1-A282-A2FB58AB137B}.Release|x86.ActiveCfg = Release|Any CPU
		{1ABBFA5F-19C2-41E1-A282-A2FB58AB137B}.Release|x86.Build.0 = Release|Any CPU
		{322B05CD-1FC8-43ED-ACF0-6DE7B9396BB7}.Debug|Any CPU.ActiveCfg = Debug|Any CPU
		{322B05CD-1FC8-43ED-ACF0-6DE7B9396BB7}.Debug|Any CPU.Build.0 = Debug|Any CPU
		{322B05CD-1FC8-43ED-ACF0-6DE7B9396BB7}.Debug|x64.ActiveCfg = Debug|Any CPU
		{322B05CD-1FC8-43ED-ACF0-6DE7B9396BB7}.Debug|x64.Build.0 = Debug|Any CPU
		{322B05CD-1FC8-43ED-ACF0-6DE7B9396BB7}.Debug|x86.ActiveCfg = Debug|Any CPU
		{322B05CD-1FC8-43ED-ACF0-6DE7B9396BB7}.Debug|x86.Build.0 = Debug|Any CPU
		{322B05CD-1FC8-43ED-ACF0-6DE7B9396BB7}.Release|Any CPU.ActiveCfg = Release|Any CPU
		{322B05CD-1FC8-43ED-ACF0-6DE7B9396BB7}.Release|Any CPU.Build.0 = Release|Any CPU
		{322B05CD-1FC8-43ED-ACF0-6DE7B9396BB7}.Release|x64.ActiveCfg = Release|Any CPU
		{322B05CD-1FC8-43ED-ACF0-6DE7B9396BB7}.Release|x64.Build.0 = Release|Any CPU
		{322B05CD-1FC8-43ED-ACF0-6DE7B9396BB7}.Release|x86.ActiveCfg = Release|Any CPU
		{322B05CD-1FC8-43ED-ACF0-6DE7B9396BB7}.Release|x86.Build.0 = Release|Any CPU
		{A5C285ED-B049-47E5-BF6C-843F38EF51E8}.Debug|Any CPU.ActiveCfg = Debug|Any CPU
		{A5C285ED-B049-47E5-BF6C-843F38EF51E8}.Debug|Any CPU.Build.0 = Debug|Any CPU
		{A5C285ED-B049-47E5-BF6C-843F38EF51E8}.Debug|x64.ActiveCfg = Debug|Any CPU
		{A5C285ED-B049-47E5-BF6C-843F38EF51E8}.Debug|x64.Build.0 = Debug|Any CPU
		{A5C285ED-B049-47E5-BF6C-843F38EF51E8}.Debug|x86.ActiveCfg = Debug|Any CPU
		{A5C285ED-B049-47E5-BF6C-843F38EF51E8}.Debug|x86.Build.0 = Debug|Any CPU
		{A5C285ED-B049-47E5-BF6C-843F38EF51E8}.Release|Any CPU.ActiveCfg = Release|Any CPU
		{A5C285ED-B049-47E5-BF6C-843F38EF51E8}.Release|Any CPU.Build.0 = Release|Any CPU
		{A5C285ED-B049-47E5-BF6C-843F38EF51E8}.Release|x64.ActiveCfg = Release|Any CPU
		{A5C285ED-B049-47E5-BF6C-843F38EF51E8}.Release|x64.Build.0 = Release|Any CPU
		{A5C285ED-B049-47E5-BF6C-843F38EF51E8}.Release|x86.ActiveCfg = Release|Any CPU
		{A5C285ED-B049-47E5-BF6C-843F38EF51E8}.Release|x86.Build.0 = Release|Any CPU
		{14ABB3B0-49C1-4DE7-A93F-1301BA3D6ADB}.Debug|Any CPU.ActiveCfg = Debug|Any CPU
		{14ABB3B0-49C1-4DE7-A93F-1301BA3D6ADB}.Debug|Any CPU.Build.0 = Debug|Any CPU
		{14ABB3B0-49C1-4DE7-A93F-1301BA3D6ADB}.Debug|x64.ActiveCfg = Debug|Any CPU
		{14ABB3B0-49C1-4DE7-A93F-1301BA3D6ADB}.Debug|x64.Build.0 = Debug|Any CPU
		{14ABB3B0-49C1-4DE7-A93F-1301BA3D6ADB}.Debug|x86.ActiveCfg = Debug|Any CPU
		{14ABB3B0-49C1-4DE7-A93F-1301BA3D6ADB}.Debug|x86.Build.0 = Debug|Any CPU
		{14ABB3B0-49C1-4DE7-A93F-1301BA3D6ADB}.Release|Any CPU.ActiveCfg = Release|Any CPU
		{14ABB3B0-49C1-4DE7-A93F-1301BA3D6ADB}.Release|Any CPU.Build.0 = Release|Any CPU
		{14ABB3B0-49C1-4DE7-A93F-1301BA3D6ADB}.Release|x64.ActiveCfg = Release|Any CPU
		{14ABB3B0-49C1-4DE7-A93F-1301BA3D6ADB}.Release|x64.Build.0 = Release|Any CPU
		{14ABB3B0-49C1-4DE7-A93F-1301BA3D6ADB}.Release|x86.ActiveCfg = Release|Any CPU
		{14ABB3B0-49C1-4DE7-A93F-1301BA3D6ADB}.Release|x86.Build.0 = Release|Any CPU
		{7BDCA077-B149-4E8E-A904-498BC32FDC22}.Debug|Any CPU.ActiveCfg = Debug|Any CPU
		{7BDCA077-B149-4E8E-A904-498BC32FDC22}.Debug|Any CPU.Build.0 = Debug|Any CPU
		{7BDCA077-B149-4E8E-A904-498BC32FDC22}.Debug|x64.ActiveCfg = Debug|Any CPU
		{7BDCA077-B149-4E8E-A904-498BC32FDC22}.Debug|x64.Build.0 = Debug|Any CPU
		{7BDCA077-B149-4E8E-A904-498BC32FDC22}.Debug|x86.ActiveCfg = Debug|Any CPU
		{7BDCA077-B149-4E8E-A904-498BC32FDC22}.Debug|x86.Build.0 = Debug|Any CPU
		{7BDCA077-B149-4E8E-A904-498BC32FDC22}.Release|Any CPU.ActiveCfg = Release|Any CPU
		{7BDCA077-B149-4E8E-A904-498BC32FDC22}.Release|Any CPU.Build.0 = Release|Any CPU
		{7BDCA077-B149-4E8E-A904-498BC32FDC22}.Release|x64.ActiveCfg = Release|Any CPU
		{7BDCA077-B149-4E8E-A904-498BC32FDC22}.Release|x64.Build.0 = Release|Any CPU
		{7BDCA077-B149-4E8E-A904-498BC32FDC22}.Release|x86.ActiveCfg = Release|Any CPU
		{7BDCA077-B149-4E8E-A904-498BC32FDC22}.Release|x86.Build.0 = Release|Any CPU
		{2E876606-66D9-41ED-980B-3A02FBB3B09B}.Debug|Any CPU.ActiveCfg = Debug|Any CPU
		{2E876606-66D9-41ED-980B-3A02FBB3B09B}.Debug|Any CPU.Build.0 = Debug|Any CPU
		{2E876606-66D9-41ED-980B-3A02FBB3B09B}.Debug|x64.ActiveCfg = Debug|Any CPU
		{2E876606-66D9-41ED-980B-3A02FBB3B09B}.Debug|x64.Build.0 = Debug|Any CPU
		{2E876606-66D9-41ED-980B-3A02FBB3B09B}.Debug|x86.ActiveCfg = Debug|Any CPU
		{2E876606-66D9-41ED-980B-3A02FBB3B09B}.Debug|x86.Build.0 = Debug|Any CPU
		{2E876606-66D9-41ED-980B-3A02FBB3B09B}.Release|Any CPU.ActiveCfg = Release|Any CPU
		{2E876606-66D9-41ED-980B-3A02FBB3B09B}.Release|Any CPU.Build.0 = Release|Any CPU
		{2E876606-66D9-41ED-980B-3A02FBB3B09B}.Release|x64.ActiveCfg = Release|Any CPU
		{2E876606-66D9-41ED-980B-3A02FBB3B09B}.Release|x64.Build.0 = Release|Any CPU
		{2E876606-66D9-41ED-980B-3A02FBB3B09B}.Release|x86.ActiveCfg = Release|Any CPU
		{2E876606-66D9-41ED-980B-3A02FBB3B09B}.Release|x86.Build.0 = Release|Any CPU
		{509CA62C-8C0F-4428-88B2-B0E4CFAE1496}.Debug|Any CPU.ActiveCfg = Debug|Any CPU
		{509CA62C-8C0F-4428-88B2-B0E4CFAE1496}.Debug|Any CPU.Build.0 = Debug|Any CPU
		{509CA62C-8C0F-4428-88B2-B0E4CFAE1496}.Debug|x64.ActiveCfg = Debug|Any CPU
		{509CA62C-8C0F-4428-88B2-B0E4CFAE1496}.Debug|x64.Build.0 = Debug|Any CPU
		{509CA62C-8C0F-4428-88B2-B0E4CFAE1496}.Debug|x86.ActiveCfg = Debug|Any CPU
		{509CA62C-8C0F-4428-88B2-B0E4CFAE1496}.Debug|x86.Build.0 = Debug|Any CPU
		{509CA62C-8C0F-4428-88B2-B0E4CFAE1496}.Release|Any CPU.ActiveCfg = Release|Any CPU
		{509CA62C-8C0F-4428-88B2-B0E4CFAE1496}.Release|Any CPU.Build.0 = Release|Any CPU
		{509CA62C-8C0F-4428-88B2-B0E4CFAE1496}.Release|x64.ActiveCfg = Release|Any CPU
		{509CA62C-8C0F-4428-88B2-B0E4CFAE1496}.Release|x64.Build.0 = Release|Any CPU
		{509CA62C-8C0F-4428-88B2-B0E4CFAE1496}.Release|x86.ActiveCfg = Release|Any CPU
		{509CA62C-8C0F-4428-88B2-B0E4CFAE1496}.Release|x86.Build.0 = Release|Any CPU
		{3D9470BA-BDAB-491F-87BE-467508037511}.Debug|Any CPU.ActiveCfg = Debug|Any CPU
		{3D9470BA-BDAB-491F-87BE-467508037511}.Debug|Any CPU.Build.0 = Debug|Any CPU
		{3D9470BA-BDAB-491F-87BE-467508037511}.Debug|x64.ActiveCfg = Debug|Any CPU
		{3D9470BA-BDAB-491F-87BE-467508037511}.Debug|x64.Build.0 = Debug|Any CPU
		{3D9470BA-BDAB-491F-87BE-467508037511}.Debug|x86.ActiveCfg = Debug|Any CPU
		{3D9470BA-BDAB-491F-87BE-467508037511}.Debug|x86.Build.0 = Debug|Any CPU
		{3D9470BA-BDAB-491F-87BE-467508037511}.Release|Any CPU.ActiveCfg = Release|Any CPU
		{3D9470BA-BDAB-491F-87BE-467508037511}.Release|Any CPU.Build.0 = Release|Any CPU
		{3D9470BA-BDAB-491F-87BE-467508037511}.Release|x64.ActiveCfg = Release|Any CPU
		{3D9470BA-BDAB-491F-87BE-467508037511}.Release|x64.Build.0 = Release|Any CPU
		{3D9470BA-BDAB-491F-87BE-467508037511}.Release|x86.ActiveCfg = Release|Any CPU
		{3D9470BA-BDAB-491F-87BE-467508037511}.Release|x86.Build.0 = Release|Any CPU
		{7C8DBC66-FD3B-4352-817A-3A0978274BC1}.Debug|Any CPU.ActiveCfg = Debug|Any CPU
		{7C8DBC66-FD3B-4352-817A-3A0978274BC1}.Debug|Any CPU.Build.0 = Debug|Any CPU
		{7C8DBC66-FD3B-4352-817A-3A0978274BC1}.Debug|x64.ActiveCfg = Debug|Any CPU
		{7C8DBC66-FD3B-4352-817A-3A0978274BC1}.Debug|x64.Build.0 = Debug|Any CPU
		{7C8DBC66-FD3B-4352-817A-3A0978274BC1}.Debug|x86.ActiveCfg = Debug|Any CPU
		{7C8DBC66-FD3B-4352-817A-3A0978274BC1}.Debug|x86.Build.0 = Debug|Any CPU
		{7C8DBC66-FD3B-4352-817A-3A0978274BC1}.Release|Any CPU.ActiveCfg = Release|Any CPU
		{7C8DBC66-FD3B-4352-817A-3A0978274BC1}.Release|Any CPU.Build.0 = Release|Any CPU
		{7C8DBC66-FD3B-4352-817A-3A0978274BC1}.Release|x64.ActiveCfg = Release|Any CPU
		{7C8DBC66-FD3B-4352-817A-3A0978274BC1}.Release|x64.Build.0 = Release|Any CPU
		{7C8DBC66-FD3B-4352-817A-3A0978274BC1}.Release|x86.ActiveCfg = Release|Any CPU
		{7C8DBC66-FD3B-4352-817A-3A0978274BC1}.Release|x86.Build.0 = Release|Any CPU
		{E4FC85C9-5175-4250-84B7-F9FC01463BAD}.Debug|Any CPU.ActiveCfg = Debug|Any CPU
		{E4FC85C9-5175-4250-84B7-F9FC01463BAD}.Debug|Any CPU.Build.0 = Debug|Any CPU
		{E4FC85C9-5175-4250-84B7-F9FC01463BAD}.Debug|x64.ActiveCfg = Debug|x64
		{E4FC85C9-5175-4250-84B7-F9FC01463BAD}.Debug|x64.Build.0 = Debug|x64
		{E4FC85C9-5175-4250-84B7-F9FC01463BAD}.Debug|x86.ActiveCfg = Debug|x86
		{E4FC85C9-5175-4250-84B7-F9FC01463BAD}.Debug|x86.Build.0 = Debug|x86
		{E4FC85C9-5175-4250-84B7-F9FC01463BAD}.Release|Any CPU.ActiveCfg = Release|Any CPU
		{E4FC85C9-5175-4250-84B7-F9FC01463BAD}.Release|Any CPU.Build.0 = Release|Any CPU
		{E4FC85C9-5175-4250-84B7-F9FC01463BAD}.Release|x64.ActiveCfg = Release|x64
		{E4FC85C9-5175-4250-84B7-F9FC01463BAD}.Release|x64.Build.0 = Release|x64
		{E4FC85C9-5175-4250-84B7-F9FC01463BAD}.Release|x86.ActiveCfg = Release|x86
		{E4FC85C9-5175-4250-84B7-F9FC01463BAD}.Release|x86.Build.0 = Release|x86
		{36C3235C-307C-470A-9BBC-147EF7A58C6A}.Debug|Any CPU.ActiveCfg = Debug|Any CPU
		{36C3235C-307C-470A-9BBC-147EF7A58C6A}.Debug|Any CPU.Build.0 = Debug|Any CPU
		{36C3235C-307C-470A-9BBC-147EF7A58C6A}.Debug|Any CPU.Deploy.0 = Debug|Any CPU
		{36C3235C-307C-470A-9BBC-147EF7A58C6A}.Debug|x64.ActiveCfg = Debug|Any CPU
		{36C3235C-307C-470A-9BBC-147EF7A58C6A}.Debug|x64.Build.0 = Debug|Any CPU
		{36C3235C-307C-470A-9BBC-147EF7A58C6A}.Debug|x86.ActiveCfg = Debug|Any CPU
		{36C3235C-307C-470A-9BBC-147EF7A58C6A}.Debug|x86.Build.0 = Debug|Any CPU
		{36C3235C-307C-470A-9BBC-147EF7A58C6A}.Release|Any CPU.ActiveCfg = Release|Any CPU
		{36C3235C-307C-470A-9BBC-147EF7A58C6A}.Release|Any CPU.Build.0 = Release|Any CPU
		{36C3235C-307C-470A-9BBC-147EF7A58C6A}.Release|x64.ActiveCfg = Release|Any CPU
		{36C3235C-307C-470A-9BBC-147EF7A58C6A}.Release|x64.Build.0 = Release|Any CPU
		{36C3235C-307C-470A-9BBC-147EF7A58C6A}.Release|x86.ActiveCfg = Release|Any CPU
		{36C3235C-307C-470A-9BBC-147EF7A58C6A}.Release|x86.Build.0 = Release|Any CPU
	EndGlobalSection
	GlobalSection(SolutionProperties) = preSolution
		HideSolutionNode = FALSE
	EndGlobalSection
	GlobalSection(NestedProjects) = preSolution
		{87466371-165A-4938-8AAD-EF92EDD29EEF} = {F570E914-F291-46E5-91BD-4A9A517237FD}
		{D53117F4-CF96-49D6-B2A3-E93B49AEDB4A} = {F570E914-F291-46E5-91BD-4A9A517237FD}
		{2DB7A2BB-5328-4FDD-B071-33F985E4DE4A} = {2F6E9517-469D-42AD-96CE-AD180FD8A738}
		{F93E8468-9CA2-475B-9667-E221174FC22D} = {2F6E9517-469D-42AD-96CE-AD180FD8A738}
		{6ADC91BC-094F-4E47-8AF8-074288A6F9E4} = {2F6E9517-469D-42AD-96CE-AD180FD8A738}
		{855E1C40-4638-4AFE-A771-78FE8312AEB8} = {2F6E9517-469D-42AD-96CE-AD180FD8A738}
		{6FE2C76A-8D70-49C1-A1EB-6A0A1B6DDC15} = {2F6E9517-469D-42AD-96CE-AD180FD8A738}
		{AEFFFBE2-4641-4284-945B-DB2863BECB3A} = {6A56216B-8EAC-4249-9E65-553E314DE536}
		{B7CE9741-908D-4E64-8BED-1813A017B518} = {6A56216B-8EAC-4249-9E65-553E314DE536}
		{D0D3C933-B38C-4711-AFD0-CE6A4ABB001B} = {6A56216B-8EAC-4249-9E65-553E314DE536}
		{2812FFF2-9719-436F-97D0-41C9D38DCBED} = {6A56216B-8EAC-4249-9E65-553E314DE536}
		{11AEA4AD-FE0B-4075-82D4-A14546E439FA} = {6A56216B-8EAC-4249-9E65-553E314DE536}
		{72CF2200-50CB-4BA6-9BEA-6879AB5C7F25} = {6A56216B-8EAC-4249-9E65-553E314DE536}
		{1ABBFA5F-19C2-41E1-A282-A2FB58AB137B} = {6A56216B-8EAC-4249-9E65-553E314DE536}
		{322B05CD-1FC8-43ED-ACF0-6DE7B9396BB7} = {6A56216B-8EAC-4249-9E65-553E314DE536}
		{A5C285ED-B049-47E5-BF6C-843F38EF51E8} = {6A56216B-8EAC-4249-9E65-553E314DE536}
		{14ABB3B0-49C1-4DE7-A93F-1301BA3D6ADB} = {6A56216B-8EAC-4249-9E65-553E314DE536}
		{7BDCA077-B149-4E8E-A904-498BC32FDC22} = {6A56216B-8EAC-4249-9E65-553E314DE536}
		{2E876606-66D9-41ED-980B-3A02FBB3B09B} = {6A56216B-8EAC-4249-9E65-553E314DE536}
		{509CA62C-8C0F-4428-88B2-B0E4CFAE1496} = {6A56216B-8EAC-4249-9E65-553E314DE536}
		{3D9470BA-BDAB-491F-87BE-467508037511} = {6A56216B-8EAC-4249-9E65-553E314DE536}
		{7C8DBC66-FD3B-4352-817A-3A0978274BC1} = {6A56216B-8EAC-4249-9E65-553E314DE536}
		{E4FC85C9-5175-4250-84B7-F9FC01463BAD} = {F570E914-F291-46E5-91BD-4A9A517237FD}
		{36C3235C-307C-470A-9BBC-147EF7A58C6A} = {FFFDE691-FCBA-4640-B93F-A93625DBA522}
	EndGlobalSection
	GlobalSection(ExtensibilityGlobals) = postSolution
		SolutionGuid = {B2702931-E8A4-4099-8F3F-2FE2C7DA5E9E}
	EndGlobalSection
EndGlobal
