
Microsoft Visual Studio Solution File, Format Version 12.00
# Visual Studio Version 17
VisualStudioVersion = 17.4.33213.308
MinimumVisualStudioVersion = 10.0.40219.1
Project("{FAE04EC0-301F-11D3-BF4B-00C04F79EFBC}") = "WrkFlows", "WrkFlows\WrkFlows.csproj", "{0089051D-43D4-46F1-A056-5B52453282E8}"
EndProject
Project("{2150E333-8FDC-42A3-9474-1A3956D46DE8}") = "01_WPF", "01_WPF", "{0A1B8600-0EB3-4FE7-8C63-262016D4101E}"
EndProject
Project("{2150E333-8FDC-42A3-9474-1A3956D46DE8}") = "10_Anwendung-Blazor", "10_Anwendung-Blazor", "{F570E914-F291-46E5-91BD-4A9A517237FD}"
EndProject
Project("{778DAE3C-4631-46EA-AA77-85C1314464D9}") = "KMF.WrkFlows.Application", "KMF.WrkFlows.Application\KMF.WrkFlows.Application.vbproj", "{AD6C33C9-CEF3-49F2-A651-6D6129740907}"
EndProject
Project("{778DAE3C-4631-46EA-AA77-85C1314464D9}") = "KMF.WrkFlows.Domain", "KMF.WrkFlows.Domain\KMF.WrkFlows.Domain.vbproj", "{D42303A9-85BA-4E99-A779-6EE6010BE176}"
EndProject
Project("{9A19103F-16F7-4668-BE54-9A1E7A4F7556}") = "KMF.WrkFlows.Razor", "KMF.WrkFlows.Razor\KMF.WrkFlows.Razor.csproj", "{FB45CFED-5C35-46ED-986F-84C90C623C0E}"
EndProject
Project("{2150E333-8FDC-42A3-9474-1A3956D46DE8}") = "20_Modul - Cars", "20_Modul - Cars", "{2F6E9517-469D-42AD-96CE-AD180FD8A738}"
EndProject
Project("{778DAE3C-4631-46EA-AA77-85C1314464D9}") = "KMF.WrkFlows.Cars.Web", "KMF.WrkFlows.Cars.Web\KMF.WrkFlows.Cars.Web.vbproj", "{B66370CA-23C0-4637-A460-E93B28BF91AD}"
EndProject
Project("{9A19103F-16F7-4668-BE54-9A1E7A4F7556}") = "KMF.WrkFlows.Cars.Razor", "KMF.WrkFlows.Cars.Razor\KMF.WrkFlows.Cars.Razor.csproj", "{9A4214D9-6C03-473F-BBC5-7385504BC898}"
EndProject
Project("{F184B08F-C81C-45F6-A57F-5ABD9991F28F}") = "KMF.WrkFlows.Cars.EDMX", "KMF.WrkFlows.Cars.EDMX\KMF.WrkFlows.Cars.EDMX.vbproj", "{6ADC91BC-094F-4E47-8AF8-074288A6F9E4}"
EndProject
Project("{778DAE3C-4631-46EA-AA77-85C1314464D9}") = "KMF.WrkFlows.Cars.Domain", "KMF.WrkFlows.Cars.Domain\KMF.WrkFlows.Cars.Domain.vbproj", "{4D081362-4E5A-4EE5-B3B9-3D49D1172AEA}"
EndProject
Project("{778DAE3C-4631-46EA-AA77-85C1314464D9}") = "KMF.WrkFlows.Cars.DataAccess", "KMF.WrkFlows.Cars.DataAccess\KMF.WrkFlows.Cars.DataAccess.vbproj", "{4D91DE47-0553-46A6-990C-11D5E02E8D66}"
EndProject
Project("{2150E333-8FDC-42A3-9474-1A3956D46DE8}") = "90_Framework", "90_Framework", "{6A56216B-8EAC-4249-9E65-553E314DE536}"
EndProject
Project("{778DAE3C-4631-46EA-AA77-85C1314464D9}") = "MYKEY.FxCore.Common.Application", "MYKEY.FxCore.Common.Application\MYKEY.FxCore.Common.Application.vbproj", "{41534E37-510D-4780-8084-BD6EA0AB0DE0}"
EndProject
Global
	GlobalSection(SolutionConfigurationPlatforms) = preSolution
		Debug|Any CPU = Debug|Any CPU
		Debug|x64 = Debug|x64
		Debug|x86 = Debug|x86
		Release|Any CPU = Release|Any CPU
		Release|x64 = Release|x64
		Release|x86 = Release|x86
	EndGlobalSection
	GlobalSection(ProjectConfigurationPlatforms) = postSolution
		{0089051D-43D4-46F1-A056-5B52453282E8}.Debug|Any CPU.ActiveCfg = Debug|Any CPU
		{0089051D-43D4-46F1-A056-5B52453282E8}.Debug|Any CPU.Build.0 = Debug|Any CPU
		{0089051D-43D4-46F1-A056-5B52453282E8}.Debug|x64.ActiveCfg = Debug|Any CPU
		{0089051D-43D4-46F1-A056-5B52453282E8}.Debug|x64.Build.0 = Debug|Any CPU
		{0089051D-43D4-46F1-A056-5B52453282E8}.Debug|x86.ActiveCfg = Debug|Any CPU
		{0089051D-43D4-46F1-A056-5B52453282E8}.Debug|x86.Build.0 = Debug|Any CPU
		{0089051D-43D4-46F1-A056-5B52453282E8}.Release|Any CPU.ActiveCfg = Release|Any CPU
		{0089051D-43D4-46F1-A056-5B52453282E8}.Release|Any CPU.Build.0 = Release|Any CPU
		{0089051D-43D4-46F1-A056-5B52453282E8}.Release|x64.ActiveCfg = Release|Any CPU
		{0089051D-43D4-46F1-A056-5B52453282E8}.Release|x64.Build.0 = Release|Any CPU
		{0089051D-43D4-46F1-A056-5B52453282E8}.Release|x86.ActiveCfg = Release|Any CPU
		{0089051D-43D4-46F1-A056-5B52453282E8}.Release|x86.Build.0 = Release|Any CPU
		{AD6C33C9-CEF3-49F2-A651-6D6129740907}.Debug|Any CPU.ActiveCfg = Debug|Any CPU
		{AD6C33C9-CEF3-49F2-A651-6D6129740907}.Debug|Any CPU.Build.0 = Debug|Any CPU
		{AD6C33C9-CEF3-49F2-A651-6D6129740907}.Debug|x64.ActiveCfg = Debug|Any CPU
		{AD6C33C9-CEF3-49F2-A651-6D6129740907}.Debug|x64.Build.0 = Debug|Any CPU
		{AD6C33C9-CEF3-49F2-A651-6D6129740907}.Debug|x86.ActiveCfg = Debug|Any CPU
		{AD6C33C9-CEF3-49F2-A651-6D6129740907}.Debug|x86.Build.0 = Debug|Any CPU
		{AD6C33C9-CEF3-49F2-A651-6D6129740907}.Release|Any CPU.ActiveCfg = Release|Any CPU
		{AD6C33C9-CEF3-49F2-A651-6D6129740907}.Release|Any CPU.Build.0 = Release|Any CPU
		{AD6C33C9-CEF3-49F2-A651-6D6129740907}.Release|x64.ActiveCfg = Release|Any CPU
		{AD6C33C9-CEF3-49F2-A651-6D6129740907}.Release|x64.Build.0 = Release|Any CPU
		{AD6C33C9-CEF3-49F2-A651-6D6129740907}.Release|x86.ActiveCfg = Release|Any CPU
		{AD6C33C9-CEF3-49F2-A651-6D6129740907}.Release|x86.Build.0 = Release|Any CPU
		{D42303A9-85BA-4E99-A779-6EE6010BE176}.Debug|Any CPU.ActiveCfg = Debug|Any CPU
		{D42303A9-85BA-4E99-A779-6EE6010BE176}.Debug|Any CPU.Build.0 = Debug|Any CPU
		{D42303A9-85BA-4E99-A779-6EE6010BE176}.Debug|x64.ActiveCfg = Debug|Any CPU
		{D42303A9-85BA-4E99-A779-6EE6010BE176}.Debug|x64.Build.0 = Debug|Any CPU
		{D42303A9-85BA-4E99-A779-6EE6010BE176}.Debug|x86.ActiveCfg = Debug|Any CPU
		{D42303A9-85BA-4E99-A779-6EE6010BE176}.Debug|x86.Build.0 = Debug|Any CPU
		{D42303A9-85BA-4E99-A779-6EE6010BE176}.Release|Any CPU.ActiveCfg = Release|Any CPU
		{D42303A9-85BA-4E99-A779-6EE6010BE176}.Release|Any CPU.Build.0 = Release|Any CPU
		{D42303A9-85BA-4E99-A779-6EE6010BE176}.Release|x64.ActiveCfg = Release|Any CPU
		{D42303A9-85BA-4E99-A779-6EE6010BE176}.Release|x64.Build.0 = Release|Any CPU
		{D42303A9-85BA-4E99-A779-6EE6010BE176}.Release|x86.ActiveCfg = Release|Any CPU
		{D42303A9-85BA-4E99-A779-6EE6010BE176}.Release|x86.Build.0 = Release|Any CPU
		{FB45CFED-5C35-46ED-986F-84C90C623C0E}.Debug|Any CPU.ActiveCfg = Debug|Any CPU
		{FB45CFED-5C35-46ED-986F-84C90C623C0E}.Debug|Any CPU.Build.0 = Debug|Any CPU
		{FB45CFED-5C35-46ED-986F-84C90C623C0E}.Debug|x64.ActiveCfg = Debug|x64
		{FB45CFED-5C35-46ED-986F-84C90C623C0E}.Debug|x64.Build.0 = Debug|x64
		{FB45CFED-5C35-46ED-986F-84C90C623C0E}.Debug|x86.ActiveCfg = Debug|x86
		{FB45CFED-5C35-46ED-986F-84C90C623C0E}.Debug|x86.Build.0 = Debug|x86
		{FB45CFED-5C35-46ED-986F-84C90C623C0E}.Release|Any CPU.ActiveCfg = Release|Any CPU
		{FB45CFED-5C35-46ED-986F-84C90C623C0E}.Release|Any CPU.Build.0 = Release|Any CPU
		{FB45CFED-5C35-46ED-986F-84C90C623C0E}.Release|x64.ActiveCfg = Release|x64
		{FB45CFED-5C35-46ED-986F-84C90C623C0E}.Release|x64.Build.0 = Release|x64
		{FB45CFED-5C35-46ED-986F-84C90C623C0E}.Release|x86.ActiveCfg = Release|x86
		{FB45CFED-5C35-46ED-986F-84C90C623C0E}.Release|x86.Build.0 = Release|x86
		{B66370CA-23C0-4637-A460-E93B28BF91AD}.Debug|Any CPU.ActiveCfg = Debug|Any CPU
		{B66370CA-23C0-4637-A460-E93B28BF91AD}.Debug|Any CPU.Build.0 = Debug|Any CPU
		{B66370CA-23C0-4637-A460-E93B28BF91AD}.Debug|x64.ActiveCfg = Debug|Any CPU
		{B66370CA-23C0-4637-A460-E93B28BF91AD}.Debug|x64.Build.0 = Debug|Any CPU
		{B66370CA-23C0-4637-A460-E93B28BF91AD}.Debug|x86.ActiveCfg = Debug|Any CPU
		{B66370CA-23C0-4637-A460-E93B28BF91AD}.Debug|x86.Build.0 = Debug|Any CPU
		{B66370CA-23C0-4637-A460-E93B28BF91AD}.Release|Any CPU.ActiveCfg = Release|Any CPU
		{B66370CA-23C0-4637-A460-E93B28BF91AD}.Release|Any CPU.Build.0 = Release|Any CPU
		{B66370CA-23C0-4637-A460-E93B28BF91AD}.Release|x64.ActiveCfg = Release|Any CPU
		{B66370CA-23C0-4637-A460-E93B28BF91AD}.Release|x64.Build.0 = Release|Any CPU
		{B66370CA-23C0-4637-A460-E93B28BF91AD}.Release|x86.ActiveCfg = Release|Any CPU
		{B66370CA-23C0-4637-A460-E93B28BF91AD}.Release|x86.Build.0 = Release|Any CPU
		{9A4214D9-6C03-473F-BBC5-7385504BC898}.Debug|Any CPU.ActiveCfg = Debug|Any CPU
		{9A4214D9-6C03-473F-BBC5-7385504BC898}.Debug|Any CPU.Build.0 = Debug|Any CPU
		{9A4214D9-6C03-473F-BBC5-7385504BC898}.Debug|x64.ActiveCfg = Debug|Any CPU
		{9A4214D9-6C03-473F-BBC5-7385504BC898}.Debug|x64.Build.0 = Debug|Any CPU
		{9A4214D9-6C03-473F-BBC5-7385504BC898}.Debug|x86.ActiveCfg = Debug|Any CPU
		{9A4214D9-6C03-473F-BBC5-7385504BC898}.Debug|x86.Build.0 = Debug|Any CPU
		{9A4214D9-6C03-473F-BBC5-7385504BC898}.Release|Any CPU.ActiveCfg = Release|Any CPU
		{9A4214D9-6C03-473F-BBC5-7385504BC898}.Release|Any CPU.Build.0 = Release|Any CPU
		{9A4214D9-6C03-473F-BBC5-7385504BC898}.Release|x64.ActiveCfg = Release|Any CPU
		{9A4214D9-6C03-473F-BBC5-7385504BC898}.Release|x64.Build.0 = Release|Any CPU
		{9A4214D9-6C03-473F-BBC5-7385504BC898}.Release|x86.ActiveCfg = Release|Any CPU
		{9A4214D9-6C03-473F-BBC5-7385504BC898}.Release|x86.Build.0 = Release|Any CPU
		{6ADC91BC-094F-4E47-8AF8-074288A6F9E4}.Debug|Any CPU.ActiveCfg = Debug|Any CPU
		{6ADC91BC-094F-4E47-8AF8-074288A6F9E4}.Debug|Any CPU.Build.0 = Debug|Any CPU
		{6ADC91BC-094F-4E47-8AF8-074288A6F9E4}.Debug|x64.ActiveCfg = Debug|Any CPU
		{6ADC91BC-094F-4E47-8AF8-074288A6F9E4}.Debug|x64.Build.0 = Debug|Any CPU
		{6ADC91BC-094F-4E47-8AF8-074288A6F9E4}.Debug|x86.ActiveCfg = Debug|Any CPU
		{6ADC91BC-094F-4E47-8AF8-074288A6F9E4}.Debug|x86.Build.0 = Debug|Any CPU
		{6ADC91BC-094F-4E47-8AF8-074288A6F9E4}.Release|Any CPU.ActiveCfg = Release|Any CPU
		{6ADC91BC-094F-4E47-8AF8-074288A6F9E4}.Release|Any CPU.Build.0 = Release|Any CPU
		{6ADC91BC-094F-4E47-8AF8-074288A6F9E4}.Release|x64.ActiveCfg = Release|Any CPU
		{6ADC91BC-094F-4E47-8AF8-074288A6F9E4}.Release|x64.Build.0 = Release|Any CPU
		{6ADC91BC-094F-4E47-8AF8-074288A6F9E4}.Release|x86.ActiveCfg = Release|Any CPU
		{6ADC91BC-094F-4E47-8AF8-074288A6F9E4}.Release|x86.Build.0 = Release|Any CPU
		{4D081362-4E5A-4EE5-B3B9-3D49D1172AEA}.Debug|Any CPU.ActiveCfg = Debug|Any CPU
		{4D081362-4E5A-4EE5-B3B9-3D49D1172AEA}.Debug|Any CPU.Build.0 = Debug|Any CPU
		{4D081362-4E5A-4EE5-B3B9-3D49D1172AEA}.Debug|x64.ActiveCfg = Debug|Any CPU
		{4D081362-4E5A-4EE5-B3B9-3D49D1172AEA}.Debug|x64.Build.0 = Debug|Any CPU
		{4D081362-4E5A-4EE5-B3B9-3D49D1172AEA}.Debug|x86.ActiveCfg = Debug|Any CPU
		{4D081362-4E5A-4EE5-B3B9-3D49D1172AEA}.Debug|x86.Build.0 = Debug|Any CPU
		{4D081362-4E5A-4EE5-B3B9-3D49D1172AEA}.Release|Any CPU.ActiveCfg = Release|Any CPU
		{4D081362-4E5A-4EE5-B3B9-3D49D1172AEA}.Release|Any CPU.Build.0 = Release|Any CPU
		{4D081362-4E5A-4EE5-B3B9-3D49D1172AEA}.Release|x64.ActiveCfg = Release|Any CPU
		{4D081362-4E5A-4EE5-B3B9-3D49D1172AEA}.Release|x64.Build.0 = Release|Any CPU
		{4D081362-4E5A-4EE5-B3B9-3D49D1172AEA}.Release|x86.ActiveCfg = Release|Any CPU
		{4D081362-4E5A-4EE5-B3B9-3D49D1172AEA}.Release|x86.Build.0 = Release|Any CPU
		{4D91DE47-0553-46A6-990C-11D5E02E8D66}.Debug|Any CPU.ActiveCfg = Debug|Any CPU
		{4D91DE47-0553-46A6-990C-11D5E02E8D66}.Debug|Any CPU.Build.0 = Debug|Any CPU
		{4D91DE47-0553-46A6-990C-11D5E02E8D66}.Debug|x64.ActiveCfg = Debug|Any CPU
		{4D91DE47-0553-46A6-990C-11D5E02E8D66}.Debug|x64.Build.0 = Debug|Any CPU
		{4D91DE47-0553-46A6-990C-11D5E02E8D66}.Debug|x86.ActiveCfg = Debug|Any CPU
		{4D91DE47-0553-46A6-990C-11D5E02E8D66}.Debug|x86.Build.0 = Debug|Any CPU
		{4D91DE47-0553-46A6-990C-11D5E02E8D66}.Release|Any CPU.ActiveCfg = Release|Any CPU
		{4D91DE47-0553-46A6-990C-11D5E02E8D66}.Release|Any CPU.Build.0 = Release|Any CPU
		{4D91DE47-0553-46A6-990C-11D5E02E8D66}.Release|x64.ActiveCfg = Release|Any CPU
		{4D91DE47-0553-46A6-990C-11D5E02E8D66}.Release|x64.Build.0 = Release|Any CPU
		{4D91DE47-0553-46A6-990C-11D5E02E8D66}.Release|x86.ActiveCfg = Release|Any CPU
		{4D91DE47-0553-46A6-990C-11D5E02E8D66}.Release|x86.Build.0 = Release|Any CPU
		{41534E37-510D-4780-8084-BD6EA0AB0DE0}.Debug|Any CPU.ActiveCfg = Debug|Any CPU
		{41534E37-510D-4780-8084-BD6EA0AB0DE0}.Debug|Any CPU.Build.0 = Debug|Any CPU
		{41534E37-510D-4780-8084-BD6EA0AB0DE0}.Debug|x64.ActiveCfg = Debug|Any CPU
		{41534E37-510D-4780-8084-BD6EA0AB0DE0}.Debug|x64.Build.0 = Debug|Any CPU
		{41534E37-510D-4780-8084-BD6EA0AB0DE0}.Debug|x86.ActiveCfg = Debug|Any CPU
		{41534E37-510D-4780-8084-BD6EA0AB0DE0}.Debug|x86.Build.0 = Debug|Any CPU
		{41534E37-510D-4780-8084-BD6EA0AB0DE0}.Release|Any CPU.ActiveCfg = Release|Any CPU
		{41534E37-510D-4780-8084-BD6EA0AB0DE0}.Release|Any CPU.Build.0 = Release|Any CPU
		{41534E37-510D-4780-8084-BD6EA0AB0DE0}.Release|x64.ActiveCfg = Release|Any CPU
		{41534E37-510D-4780-8084-BD6EA0AB0DE0}.Release|x64.Build.0 = Release|Any CPU
		{41534E37-510D-4780-8084-BD6EA0AB0DE0}.Release|x86.ActiveCfg = Release|Any CPU
		{41534E37-510D-4780-8084-BD6EA0AB0DE0}.Release|x86.Build.0 = Release|Any CPU
	EndGlobalSection
	GlobalSection(SolutionProperties) = preSolution
		HideSolutionNode = FALSE
	EndGlobalSection
	GlobalSection(NestedProjects) = preSolution
		{0089051D-43D4-46F1-A056-5B52453282E8} = {0A1B8600-0EB3-4FE7-8C63-262016D4101E}
		{AD6C33C9-CEF3-49F2-A651-6D6129740907} = {F570E914-F291-46E5-91BD-4A9A517237FD}
		{D42303A9-85BA-4E99-A779-6EE6010BE176} = {F570E914-F291-46E5-91BD-4A9A517237FD}
		{FB45CFED-5C35-46ED-986F-84C90C623C0E} = {F570E914-F291-46E5-91BD-4A9A517237FD}
		{B66370CA-23C0-4637-A460-E93B28BF91AD} = {2F6E9517-469D-42AD-96CE-AD180FD8A738}
		{9A4214D9-6C03-473F-BBC5-7385504BC898} = {2F6E9517-469D-42AD-96CE-AD180FD8A738}
		{6ADC91BC-094F-4E47-8AF8-074288A6F9E4} = {2F6E9517-469D-42AD-96CE-AD180FD8A738}
		{4D081362-4E5A-4EE5-B3B9-3D49D1172AEA} = {2F6E9517-469D-42AD-96CE-AD180FD8A738}
		{4D91DE47-0553-46A6-990C-11D5E02E8D66} = {2F6E9517-469D-42AD-96CE-AD180FD8A738}
		{41534E37-510D-4780-8084-BD6EA0AB0DE0} = {6A56216B-8EAC-4249-9E65-553E314DE536}
	EndGlobalSection
	GlobalSection(ExtensibilityGlobals) = postSolution
		SolutionGuid = {B2702931-E8A4-4099-8F3F-2FE2C7DA5E9E}
	EndGlobalSection
EndGlobal
